<?xml version="1.0" encoding="utf-8"?>
<Project ToolsVersion="4.0" xmlns="http://schemas.microsoft.com/developer/msbuild/2003">
  <ItemGroup>
    <Filter Include="Source Files">
      <UniqueIdentifier>{4FC737F1-C7A5-4376-A066-2A32D752A2FF}</UniqueIdentifier>
      <Extensions>cpp;c;cc;cxx;c++;cppm;ixx;def;odl;idl;hpj;bat;asm;asmx</Extensions>
    </Filter>
    <Filter Include="Header Files">
      <UniqueIdentifier>{93995380-89BD-4b04-88EB-625FBE52EBFB}</UniqueIdentifier>
      <Extensions>h;hh;hpp;hxx;h++;hm;inl;inc;ipp;xsd</Extensions>
    </Filter>
    <Filter Include="Resource Files">
      <UniqueIdentifier>{67DA6AB6-F800-4c08-8B7A-83BB121AAD01}</UniqueIdentifier>
      <Extensions>rc;ico;cur;bmp;dlg;rc2;rct;bin;rgs;gif;jpg;jpeg;jpe;resx;tiff;tif;png;wav;mfcribbon-ms</Extensions>
    </Filter>
    <Filter Include="Header Files\GZCOM">
      <UniqueIdentifier>{a73609a5-b839-4624-8fcd-f9661899dd6a}</UniqueIdentifier>
    </Filter>
    <Filter Include="Source Files\GZCOM">
      <UniqueIdentifier>{dd8366d2-5d25-4036-831a-2870a0d56d5e}</UniqueIdentifier>
    </Filter>
  </ItemGroup>
  <ItemGroup>
    <ClInclude Include="..\vendor\sc4-dll-basics\include\SC4VersionDetection.h">
      <Filter>Header Files</Filter>
    </ClInclude>
    <ClInclude Include="version.h">
      <Filter>Header Files</Filter>
    </ClInclude>
    <ClInclude Include="..\..\..\ReverseEngineering\Projects\sc4-bulldoze-extensions\src\Logger.h">
      <Filter>Header Files</Filter>
    </ClInclude>
    <ClInclude Include="..\..\..\ReverseEngineering\Projects\sc4-bulldoze-extensions\src\FileSystem.h">
      <Filter>Header Files</Filter>
    </ClInclude>
    <ClInclude Include="..\vendor\gzcom-dll\include\cISC4App.h">
      <Filter>Header Files\GZCOM</Filter>
    </ClInclude>
    <ClInclude Include="..\vendor\gzcom-dll\include\cISTETerrain.h">
      <Filter>Header Files\GZCOM</Filter>
    </ClInclude>
    <ClInclude Include="..\vendor\gzcom-dll\include\cRZMessage2COMDirector.h">
      <Filter>Header Files\GZCOM</Filter>
    </ClInclude>
    <ClInclude Include="..\vendor\gzcom-dll\include\cRZMessage2Standard.h">
      <Filter>Header Files\GZCOM</Filter>
    </ClInclude>
    <ClInclude Include="..\vendor\gzcom-dll\include\cRZBaseString.h">
      <Filter>Header Files\GZCOM</Filter>
    </ClInclude>
    <ClInclude Include="..\vendor\gzcom-dll\include\cRZCOMDllDirector.h">
      <Filter>Header Files\GZCOM</Filter>
    </ClInclude>
    <ClInclude Include="..\vendor\gzcom-dll\include\SC4Rect.h">
      <Filter>Header Files\GZCOM</Filter>
    </ClInclude>
    <ClInclude Include="TerrainTool.hpp">
      <Filter>Header Files</Filter>
    </ClInclude>
    <ClInclude Include="TerrainToolRegistry.hpp">
      <Filter>Header Files</Filter>
    </ClInclude>
  </ItemGroup>
  <ItemGroup>
    <ResourceCompile Include="version.rc">
      <Filter>Resource Files</Filter>
    </ResourceCompile>
  </ItemGroup>
  <ItemGroup>
    <None Include=".editorconfig" />
    <None Include="IgnoredWords.dic" />
    <None Include="vcpkg.json" />
  </ItemGroup>
  <ItemGroup>
    <ClCompile Include="..\..\..\ReverseEngineering\Projects\sc4-bulldoze-extensions\src\FileSystem.cpp">
      <Filter>Source Files</Filter>
    </ClCompile>
    <ClCompile Include="..\..\..\ReverseEngineering\Projects\sc4-bulldoze-extensions\src\Logger.cpp">
      <Filter>Source Files</Filter>
    </ClCompile>
    <ClCompile Include="TerrainExtensionsDllDirector.cpp">
      <Filter>Source Files</Filter>
    </ClCompile>
    <ClCompile Include="..\vendor\gzcom-dll\src\cRZBaseString.cpp">
      <Filter>Source Files\GZCOM</Filter>
    </ClCompile>
    <ClCompile Include="..\vendor\gzcom-dll\src\cRZCOMDllDirector.cpp">
      <Filter>Source Files\GZCOM</Filter>
    </ClCompile>
    <ClCompile Include="..\vendor\gzcom-dll\src\cRZMessage2.cpp">
      <Filter>Source Files\GZCOM</Filter>
    </ClCompile>
    <ClCompile Include="..\vendor\gzcom-dll\src\cRZMessage2Standard.cpp">
      <Filter>Source Files\GZCOM</Filter>
    </ClCompile>
    <ClCompile Include="ConstantGradeTool.cpp">
      <Filter>Source Files</Filter>
    </ClCompile>
  </ItemGroup>
</Project>